{
  "name": "tests",
  "version": "1.0.0",
  "lockfileVersion": 3,
  "requires": true,
  "packages": {
    "": {
      "name": "tests",
      "version": "1.0.0",
      "license": "ISC",
      "dependencies": {
        "matrix-art": "file:../pkg"
      }
    },
    "../pkg": {
      "name": "matrix-art",
      "version": "0.1.0"
    },
    "node_modules/matrix-art": {
      "resolved": "../pkg",
      "link": true
    }
  }
}
